// !$*UTF8*$!
{
	archiveVersion = 1;
	classes = {
	};
	objectVersion = 50;
	objects = {

/* Begin PBXBuildFile section */
		D46CBFF5272B40D900AEAED2 /* AppDelegate.swift in Sources */ = {isa = PBXBuildFile; fileRef = D46CBFF4272B40D900AEAED2 /* AppDelegate.swift */; };
		D46CBFF7272B40D900AEAED2 /* SceneDelegate.swift in Sources */ = {isa = PBXBuildFile; fileRef = D46CBFF6272B40D900AEAED2 /* SceneDelegate.swift */; };
		D46CBFF9272B40D900AEAED2 /* ViewController.swift in Sources */ = {isa = PBXBuildFile; fileRef = D46CBFF8272B40D900AEAED2 /* ViewController.swift */; };
		D46CBFFC272B40D900AEAED2 /* Main.storyboard in Resources */ = {isa = PBXBuildFile; fileRef = D46CBFFA272B40D900AEAED2 /* Main.storyboard */; };
		D46CBFFE272B40DE00AEAED2 /* Assets.xcassets in Resources */ = {isa = PBXBuildFile; fileRef = D46CBFFD272B40DE00AEAED2 /* Assets.xcassets */; };
		D46CC001272B40DE00AEAED2 /* LaunchScreen.storyboard in Resources */ = {isa = PBXBuildFile; fileRef = D46CBFFF272B40DE00AEAED2 /* LaunchScreen.storyboard */; };
		D46CC00C272B40DF00AEAED2 /* DatingAppTests.swift in Sources */ = {isa = PBXBuildFile; fileRef = D46CC00B272B40DF00AEAED2 /* DatingAppTests.swift */; };
		D46CC017272B40DF00AEAED2 /* DatingAppUITests.swift in Sources */ = {isa = PBXBuildFile; fileRef = D46CC016272B40DF00AEAED2 /* DatingAppUITests.swift */; };
/* End PBXBuildFile section */

/* Begin PBXContainerItemProxy section */
		D46CC008272B40DF00AEAED2 /* PBXContainerItemProxy */ = {
			isa = PBXContainerItemProxy;
			containerPortal = D46CBFE9272B40D900AEAED2 /* Project object */;
			proxyType = 1;
			remoteGlobalIDString = D46CBFF0272B40D900AEAED2;
			remoteInfo = DatingApp;
		};
		D46CC013272B40DF00AEAED2 /* PBXContainerItemProxy */ = {
			isa = PBXContainerItemProxy;
			containerPortal = D46CBFE9272B40D900AEAED2 /* Project object */;
			proxyType = 1;
			remoteGlobalIDString = D46CBFF0272B40D900AEAED2;
			remoteInfo = DatingApp;
		};
/* End PBXContainerItemProxy section */

/* Begin PBXFileReference section */
		D46CBFF1272B40D900AEAED2 /* DatingApp.app */ = {isa = PBXFileReference; explicitFileType = wrapper.application; includeInIndex = 0; path = DatingApp.app; sourceTree = BUILT_PRODUCTS_DIR; };
		D46CBFF4272B40D900AEAED2 /* AppDelegate.swift */ = {isa = PBXFileReference; lastKnownFileType = sourcecode.swift; path = AppDelegate.swift; sourceTree = "<group>"; };
		D46CBFF6272B40D900AEAED2 /* SceneDelegate.swift */ = {isa = PBXFileReference; lastKnownFileType = sourcecode.swift; path = SceneDelegate.swift; sourceTree = "<group>"; };
		D46CBFF8272B40D900AEAED2 /* ViewController.swift */ = {isa = PBXFileReference; lastKnownFileType = sourcecode.swift; path = ViewController.swift; sourceTree = "<group>"; };
		D46CBFFB272B40D900AEAED2 /* Base */ = {isa = PBXFileReference; lastKnownFileType = file.storyboard; name = Base; path = Base.lproj/Main.storyboard; sourceTree = "<group>"; };
		D46CBFFD272B40DE00AEAED2 /* Assets.xcassets */ = {isa = PBXFileReference; lastKnownFileType = folder.assetcatalog; path = Assets.xcassets; sourceTree = "<group>"; };
		D46CC000272B40DE00AEAED2 /* Base */ = {isa = PBXFileReference; lastKnownFileType = file.storyboard; name = Base; path = Base.lproj/LaunchScreen.storyboard; sourceTree = "<group>"; };
		D46CC002272B40DE00AEAED2 /* Info.plist */ = {isa = PBXFileReference; lastKnownFileType = text.plist.xml; path = Info.plist; sourceTree = "<group>"; };
		D46CC007272B40DF00AEAED2 /* DatingAppTests.xctest */ = {isa = PBXFileReference; explicitFileType = wrapper.cfbundle; includeInIndex = 0; path = DatingAppTests.xctest; sourceTree = BUILT_PRODUCTS_DIR; };
		D46CC00B272B40DF00AEAED2 /* DatingAppTests.swift */ = {isa = PBXFileReference; lastKnownFileType = sourcecode.swift; path = DatingAppTests.swift; sourceTree = "<group>"; };
		D46CC00D272B40DF00AEAED2 /* Info.plist */ = {isa = PBXFileReference; lastKnownFileType = text.plist.xml; path = Info.plist; sourceTree = "<group>"; };
		D46CC012272B40DF00AEAED2 /* DatingAppUITests.xctest */ = {isa = PBXFileReference; explicitFileType = wrapper.cfbundle; includeInIndex = 0; path = DatingAppUITests.xctest; sourceTree = BUILT_PRODUCTS_DIR; };
		D46CC016272B40DF00AEAED2 /* DatingAppUITests.swift */ = {isa = PBXFileReference; lastKnownFileType = sourcecode.swift; path = DatingAppUITests.swift; sourceTree = "<group>"; };
		D46CC018272B40DF00AEAED2 /* Info.plist */ = {isa = PBXFileReference; lastKnownFileType = text.plist.xml; path = Info.plist; sourceTree = "<group>"; };
/* End PBXFileReference section */

/* Begin PBXFrameworksBuildPhase section */
		D46CBFEE272B40D900AEAED2 /* Frameworks */ = {
			isa = PBXFrameworksBuildPhase;
			buildActionMask = 2147483647;
			files = (
			);
			runOnlyForDeploymentPostprocessing = 0;
		};
		D46CC004272B40DF00AEAED2 /* Frameworks */ = {
			isa = PBXFrameworksBuildPhase;
			buildActionMask = 2147483647;
			files = (
			);
			runOnlyForDeploymentPostprocessing = 0;
		};
		D46CC00F272B40DF00AEAED2 /* Frameworks */ = {
			isa = PBXFrameworksBuildPhase;
			buildActionMask = 2147483647;
			files = (
			);
			runOnlyForDeploymentPostprocessing = 0;
		};
/* End PBXFrameworksBuildPhase section */

/* Begin PBXGroup section */
		D46CBFE8272B40D900AEAED2 = {
			isa = PBXGroup;
			children = (
				D46CBFF3272B40D900AEAED2 /* DatingApp */,
				D46CC00A272B40DF00AEAED2 /* DatingAppTests */,
				D46CC015272B40DF00AEAED2 /* DatingAppUITests */,
				D46CBFF2272B40D900AEAED2 /* Products */,
			);
			sourceTree = "<group>";
		};
		D46CBFF2272B40D900AEAED2 /* Products */ = {
			isa = PBXGroup;
			children = (
				D46CBFF1272B40D900AEAED2 /* DatingApp.app */,
				D46CC007272B40DF00AEAED2 /* DatingAppTests.xctest */,
				D46CC012272B40DF00AEAED2 /* DatingAppUITests.xctest */,
			);
			name = Products;
			sourceTree = "<group>";
		};
		D46CBFF3272B40D900AEAED2 /* DatingApp */ = {
			isa = PBXGroup;
			children = (
				D46CBFF4272B40D900AEAED2 /* AppDelegate.swift */,
				D46CBFF6272B40D900AEAED2 /* SceneDelegate.swift */,
				D46CBFF8272B40D900AEAED2 /* ViewController.swift */,
				D46CBFFA272B40D900AEAED2 /* Main.storyboard */,
				D46CBFFD272B40DE00AEAED2 /* Assets.xcassets */,
				D46CBFFF272B40DE00AEAED2 /* LaunchScreen.storyboard */,
				D46CC002272B40DE00AEAED2 /* Info.plist */,
			);
			path = DatingApp;
			sourceTree = "<group>";
		};
		D46CC00A272B40DF00AEAED2 /* DatingAppTests */ = {
			isa = PBXGroup;
			children = (
				D46CC00B272B40DF00AEAED2 /* DatingAppTests.swift */,
				D46CC00D272B40DF00AEAED2 /* Info.plist */,
			);
			path = DatingAppTests;
			sourceTree = "<group>";
		};
		D46CC015272B40DF00AEAED2 /* DatingAppUITests */ = {
			isa = PBXGroup;
			children = (
				D46CC016272B40DF00AEAED2 /* DatingAppUITests.swift */,
				D46CC018272B40DF00AEAED2 /* Info.plist */,
			);
			path = DatingAppUITests;
			sourceTree = "<group>";
		};
/* End PBXGroup section */

/* Begin PBXNativeTarget section */
		D46CBFF0272B40D900AEAED2 /* DatingApp */ = {
			isa = PBXNativeTarget;
			buildConfigurationList = D46CC01B272B40DF00AEAED2 /* Build configuration list for PBXNativeTarget "DatingApp" */;
			buildPhases = (
				D46CBFED272B40D900AEAED2 /* Sources */,
				D46CBFEE272B40D900AEAED2 /* Frameworks */,
				D46CBFEF272B40D900AEAED2 /* Resources */,
			);
			buildRules = (
			);
			dependencies = (
			);
			name = DatingApp;
			productName = DatingApp;
			productReference = D46CBFF1272B40D900AEAED2 /* DatingApp.app */;
			productType = "com.apple.product-type.application";
		};
		D46CC006272B40DF00AEAED2 /* DatingAppTests */ = {
			isa = PBXNativeTarget;
			buildConfigurationList = D46CC01E272B40DF00AEAED2 /* Build configuration list for PBXNativeTarget "DatingAppTests" */;
			buildPhases = (
				D46CC003272B40DF00AEAED2 /* Sources */,
				D46CC004272B40DF00AEAED2 /* Frameworks */,
				D46CC005272B40DF00AEAED2 /* Resources */,
			);
			buildRules = (
			);
			dependencies = (
				D46CC009272B40DF00AEAED2 /* PBXTargetDependency */,
			);
			name = DatingAppTests;
			productName = DatingAppTests;
			productReference = D46CC007272B40DF00AEAED2 /* DatingAppTests.xctest */;
			productType = "com.apple.product-type.bundle.unit-test";
		};
		D46CC011272B40DF00AEAED2 /* DatingAppUITests */ = {
			isa = PBXNativeTarget;
			buildConfigurationList = D46CC021272B40DF00AEAED2 /* Build configuration list for PBXNativeTarget "DatingAppUITests" */;
			buildPhases = (
				D46CC00E272B40DF00AEAED2 /* Sources */,
				D46CC00F272B40DF00AEAED2 /* Frameworks */,
				D46CC010272B40DF00AEAED2 /* Resources */,
			);
			buildRules = (
			);
			dependencies = (
				D46CC014272B40DF00AEAED2 /* PBXTargetDependency */,
			);
			name = DatingAppUITests;
			productName = DatingAppUITests;
			productReference = D46CC012272B40DF00AEAED2 /* DatingAppUITests.xctest */;
			productType = "com.apple.product-type.bundle.ui-testing";
		};
/* End PBXNativeTarget section */

/* Begin PBXProject section */
		D46CBFE9272B40D900AEAED2 /* Project object */ = {
			isa = PBXProject;
			attributes = {
				LastSwiftUpdateCheck = 1250;
				LastUpgradeCheck = 1250;
				TargetAttributes = {
					D46CBFF0272B40D900AEAED2 = {
						CreatedOnToolsVersion = 12.5.1;
					};
					D46CC006272B40DF00AEAED2 = {
						CreatedOnToolsVersion = 12.5.1;
						TestTargetID = D46CBFF0272B40D900AEAED2;
					};
					D46CC011272B40DF00AEAED2 = {
						CreatedOnToolsVersion = 12.5.1;
						TestTargetID = D46CBFF0272B40D900AEAED2;
					};
				};
			};
			buildConfigurationList = D46CBFEC272B40D900AEAED2 /* Build configuration list for PBXProject "DatingApp" */;
			compatibilityVersion = "Xcode 9.3";
			developmentRegion = en;
			hasScannedForEncodings = 0;
			knownRegions = (
				en,
				Base,
			);
			mainGroup = D46CBFE8272B40D900AEAED2;
			productRefGroup = D46CBFF2272B40D900AEAED2 /* Products */;
			projectDirPath = "";
			projectRoot = "";
			targets = (
				D46CBFF0272B40D900AEAED2 /* DatingApp */,
				D46CC006272B40DF00AEAED2 /* DatingAppTests */,
				D46CC011272B40DF00AEAED2 /* DatingAppUITests */,
			);
		};
/* End PBXProject section */

/* Begin PBXResourcesBuildPhase section */
		D46CBFEF272B40D900AEAED2 /* Resources */ = {
			isa = PBXResourcesBuildPhase;
			buildActionMask = 2147483647;
			files = (
				D46CC001272B40DE00AEAED2 /* LaunchScreen.storyboard in Resources */,
				D46CBFFE272B40DE00AEAED2 /* Assets.xcassets in Resources */,
				D46CBFFC272B40D900AEAED2 /* Main.storyboard in Resources */,
			);
			runOnlyForDeploymentPostprocessing = 0;
		};
		D46CC005272B40DF00AEAED2 /* Resources */ = {
			isa = PBXResourcesBuildPhase;
			buildActionMask = 2147483647;
			files = (
			);
			runOnlyForDeploymentPostprocessing = 0;
		};
		D46CC010272B40DF00AEAED2 /* Resources */ = {
			isa = PBXResourcesBuildPhase;
			buildActionMask = 2147483647;
			files = (
			);
			runOnlyForDeploymentPostprocessing = 0;
		};
/* End PBXResourcesBuildPhase section */

/* Begin PBXSourcesBuildPhase section */
		D46CBFED272B40D900AEAED2 /* Sources */ = {
			isa = PBXSourcesBuildPhase;
			buildActionMask = 2147483647;
			files = (
				D46CBFF9272B40D900AEAED2 /* ViewController.swift in Sources */,
				D46CBFF5272B40D900AEAED2 /* AppDelegate.swift in Sources */,
				D46CBFF7272B40D900AEAED2 /* SceneDelegate.swift in Sources */,
			);
			runOnlyForDeploymentPostprocessing = 0;
		};
		D46CC003272B40DF00AEAED2 /* Sources */ = {
			isa = PBXSourcesBuildPhase;
			buildActionMask = 2147483647;
			files = (
				D46CC00C272B40DF00AEAED2 /* DatingAppTests.swift in Sources */,
			);
			runOnlyForDeploymentPostprocessing = 0;
		};
		D46CC00E272B40DF00AEAED2 /* Sources */ = {
			isa = PBXSourcesBuildPhase;
			buildActionMask = 2147483647;
			files = (
				D46CC017272B40DF00AEAED2 /* DatingAppUITests.swift in Sources */,
			);
			runOnlyForDeploymentPostprocessing = 0;
		};
/* End PBXSourcesBuildPhase section */

/* Begin PBXTargetDependency section */
		D46CC009272B40DF00AEAED2 /* PBXTargetDependency */ = {
			isa = PBXTargetDependency;
			target = D46CBFF0272B40D900AEAED2 /* DatingApp */;
			targetProxy = D46CC008272B40DF00AEAED2 /* PBXContainerItemProxy */;
		};
		D46CC014272B40DF00AEAED2 /* PBXTargetDependency */ = {
			isa = PBXTargetDependency;
			target = D46CBFF0272B40D900AEAED2 /* DatingApp */;
			targetProxy = D46CC013272B40DF00AEAED2 /* PBXContainerItemProxy */;
		};
/* End PBXTargetDependency section */

/* Begin PBXVariantGroup section */
		D46CBFFA272B40D900AEAED2 /* Main.storyboard */ = {
			isa = PBXVariantGroup;
			children = (
				D46CBFFB272B40D900AEAED2 /* Base */,
			);
			name = Main.storyboard;
			sourceTree = "<group>";
		};
		D46CBFFF272B40DE00AEAED2 /* LaunchScreen.storyboard */ = {
			isa = PBXVariantGroup;
			children = (
				D46CC000272B40DE00AEAED2 /* Base */,
			);
			name = LaunchScreen.storyboard;
			sourceTree = "<group>";
		};
/* End PBXVariantGroup section */

/* Begin XCBuildConfiguration section */
		D46CC019272B40DF00AEAED2 /* Debug */ = {
			isa = XCBuildConfiguration;
			buildSettings = {
				ALWAYS_SEARCH_USER_PATHS = NO;
				CLANG_ANALYZER_NONNULL = YES;
				CLANG_ANALYZER_NUMBER_OBJECT_CONVERSION = YES_AGGRESSIVE;
				CLANG_CXX_LANGUAGE_STANDARD = "gnu++14";
				CLANG_CXX_LIBRARY = "libc++";
				CLANG_ENABLE_MODULES = YES;
				CLANG_ENABLE_OBJC_ARC = YES;
				CLANG_ENABLE_OBJC_WEAK = YES;
				CLANG_WARN_BLOCK_CAPTURE_AUTORELEASING = YES;
				CLANG_WARN_BOOL_CONVERSION = YES;
				CLANG_WARN_COMMA = YES;
				CLANG_WARN_CONSTANT_CONVERSION = YES;
				CLANG_WARN_DEPRECATED_OBJC_IMPLEMENTATIONS = YES;
				CLANG_WARN_DIRECT_OBJC_ISA_USAGE = YES_ERROR;
				CLANG_WARN_DOCUMENTATION_COMMENTS = YES;
				CLANG_WARN_EMPTY_BODY = YES;
				CLANG_WARN_ENUM_CONVERSION = YES;
				CLANG_WARN_INFINITE_RECURSION = YES;
				CLANG_WARN_INT_CONVERSION = YES;
				CLANG_WARN_NON_LITERAL_NULL_CONVERSION = YES;
				CLANG_WARN_OBJC_IMPLICIT_RETAIN_SELF = YES;
				CLANG_WARN_OBJC_LITERAL_CONVERSION = YES;
				CLANG_WARN_OBJC_ROOT_CLASS = YES_ERROR;
				CLANG_WARN_QUOTED_INCLUDE_IN_FRAMEWORK_HEADER = YES;
				CLANG_WARN_RANGE_LOOP_ANALYSIS = YES;
				CLANG_WARN_STRICT_PROTOTYPES = YES;
				CLANG_WARN_SUSPICIOUS_MOVE = YES;
				CLANG_WARN_UNGUARDED_AVAILABILITY = YES_AGGRESSIVE;
				CLANG_WARN_UNREACHABLE_CODE = YES;
				CLANG_WARN__DUPLICATE_METHOD_MATCH = YES;
				COPY_PHASE_STRIP = NO;
				DEBUG_INFORMATION_FORMAT = dwarf;
				ENABLE_STRICT_OBJC_MSGSEND = YES;
				ENABLE_TESTABILITY = YES;
				GCC_C_LANGUAGE_STANDARD = gnu11;
				GCC_DYNAMIC_NO_PIC = NO;
				GCC_NO_COMMON_BLOCKS = YES;
				GCC_OPTIMIZATION_LEVEL = 0;
				GCC_PREPROCESSOR_DEFINITIONS = (
					"DEBUG=1",
					"$(inherited)",
				);
				GCC_WARN_64_TO_32_BIT_CONVERSION = YES;
				GCC_WARN_ABOUT_RETURN_TYPE = YES_ERROR;
				GCC_WARN_UNDECLARED_SELECTOR = YES;
				GCC_WARN_UNINITIALIZED_AUTOS = YES_AGGRESSIVE;
				GCC_WARN_UNUSED_FUNCTION = YES;
				GCC_WARN_UNUSED_VARIABLE = YES;
				IPHONEOS_DEPLOYMENT_TARGET = 14.5;
				MTL_ENABLE_DEBUG_INFO = INCLUDE_SOURCE;
				MTL_FAST_MATH = YES;
				ONLY_ACTIVE_ARCH = YES;
				SDKROOT = iphoneos;
				SWIFT_ACTIVE_COMPILATION_CONDITIONS = DEBUG;
				SWIFT_OPTIMIZATION_LEVEL = "-Onone";
			};
			name = Debug;
		};
		D46CC01A272B40DF00AEAED2 /* Release */ = {
			isa = XCBuildConfiguration;
			buildSettings = {
				ALWAYS_SEARCH_USER_PATHS = NO;
				CLANG_ANALYZER_NONNULL = YES;
				CLANG_ANALYZER_NUMBER_OBJECT_CONVERSION = YES_AGGRESSIVE;
				CLANG_CXX_LANGUAGE_STANDARD = "gnu++14";
				CLANG_CXX_LIBRARY = "libc++";
				CLANG_ENABLE_MODULES = YES;
				CLANG_ENABLE_OBJC_ARC = YES;
				CLANG_ENABLE_OBJC_WEAK = YES;
				CLANG_WARN_BLOCK_CAPTURE_AUTORELEASING = YES;
				CLANG_WARN_BOOL_CONVERSION = YES;
				CLANG_WARN_COMMA = YES;
				CLANG_WARN_CONSTANT_CONVERSION = YES;
				CLANG_WARN_DEPRECATED_OBJC_IMPLEMENTATIONS = YES;
				CLANG_WARN_DIRECT_OBJC_ISA_USAGE = YES_ERROR;
				CLANG_WARN_DOCUMENTATION_COMMENTS = YES;
				CLANG_WARN_EMPTY_BODY = YES;
				CLANG_WARN_ENUM_CONVERSION = YES;
				CLANG_WARN_INFINITE_RECURSION = YES;
				CLANG_WARN_INT_CONVERSION = YES;
				CLANG_WARN_NON_LITERAL_NULL_CONVERSION = YES;
				CLANG_WARN_OBJC_IMPLICIT_RETAIN_SELF = YES;
				CLANG_WARN_OBJC_LITERAL_CONVERSION = YES;
				CLANG_WARN_OBJC_ROOT_CLASS = YES_ERROR;
				CLANG_WARN_QUOTED_INCLUDE_IN_FRAMEWORK_HEADER = YES;
				CLANG_WARN_RANGE_LOOP_ANALYSIS = YES;
				CLANG_WARN_STRICT_PROTOTYPES = YES;
				CLANG_WARN_SUSPICIOUS_MOVE = YES;
				CLANG_WARN_UNGUARDED_AVAILABILITY = YES_AGGRESSIVE;
				CLANG_WARN_UNREACHABLE_CODE = YES;
				CLANG_WARN__DUPLICATE_METHOD_MATCH = YES;
				COPY_PHASE_STRIP = NO;
				DEBUG_INFORMATION_FORMAT = "dwarf-with-dsym";
				ENABLE_NS_ASSERTIONS = NO;
				ENABLE_STRICT_OBJC_MSGSEND = YES;
				GCC_C_LANGUAGE_STANDARD = gnu11;
				GCC_NO_COMMON_BLOCKS = YES;
				GCC_WARN_64_TO_32_BIT_CONVERSION = YES;
				GCC_WARN_ABOUT_RETURN_TYPE = YES_ERROR;
				GCC_WARN_UNDECLARED_SELECTOR = YES;
				GCC_WARN_UNINITIALIZED_AUTOS = YES_AGGRESSIVE;
				GCC_WARN_UNUSED_FUNCTION = YES;
				GCC_WARN_UNUSED_VARIABLE = YES;
				IPHONEOS_DEPLOYMENT_TARGET = 14.5;
				MTL_ENABLE_DEBUG_INFO = NO;
				MTL_FAST_MATH = YES;
				SDKROOT = iphoneos;
				SWIFT_COMPILATION_MODE = wholemodule;
				SWIFT_OPTIMIZATION_LEVEL = "-O";
				VALIDATE_PRODUCT = YES;
			};
			name = Release;
		};
		D46CC01C272B40DF00AEAED2 /* Debug */ = {
			isa = XCBuildConfiguration;
			buildSettings = {
				ASSETCATALOG_COMPILER_APPICON_NAME = AppIcon;
				ASSETCATALOG_COMPILER_GLOBAL_ACCENT_COLOR_NAME = AccentColor;
				CODE_SIGN_STYLE = Automatic;
				INFOPLIST_FILE = DatingApp/Info.plist;
				LD_RUNPATH_SEARCH_PATHS = (
					"$(inherited)",
					"@executable_path/Frameworks",
				);
				PRODUCT_BUNDLE_IDENTIFIER = CopathUnit1.DatingApp;
				PRODUCT_NAME = "$(TARGET_NAME)";
				SWIFT_VERSION = 5.0;
				TARGETED_DEVICE_FAMILY = "1,2";
			};
			name = Debug;
		};
		D46CC01D272B40DF00AEAED2 /* Release */ = {
			isa = XCBuildConfiguration;
			buildSettings = {
				ASSETCATALOG_COMPILER_APPICON_NAME = AppIcon;
				ASSETCATALOG_COMPILER_GLOBAL_ACCENT_COLOR_NAME = AccentColor;
				CODE_SIGN_STYLE = Automatic;
				INFOPLIST_FILE = DatingApp/Info.plist;
				LD_RUNPATH_SEARCH_PATHS = (
					"$(inherited)",
					"@executable_path/Frameworks",
				);
				PRODUCT_BUNDLE_IDENTIFIER = CopathUnit1.DatingApp;
				PRODUCT_NAME = "$(TARGET_NAME)";
				SWIFT_VERSION = 5.0;
				TARGETED_DEVICE_FAMILY = "1,2";
			};
			name = Release;
		};
		D46CC01F272B40DF00AEAED2 /* Debug */ = {
			isa = XCBuildConfiguration;
			buildSettings = {
				ALWAYS_EMBED_SWIFT_STANDARD_LIBRARIES = YES;
				BUNDLE_LOADER = "$(TEST_HOST)";
				CODE_SIGN_STYLE = Automatic;
				INFOPLIST_FILE = DatingAppTests/Info.plist;
				IPHONEOS_DEPLOYMENT_TARGET = 14.5;
				LD_RUNPATH_SEARCH_PATHS = (
					"$(inherited)",
					"@executable_path/Frameworks",
					"@loader_path/Frameworks",
				);
				PRODUCT_BUNDLE_IDENTIFIER = CopathUnit1.DatingAppTests;
				PRODUCT_NAME = "$(TARGET_NAME)";
				SWIFT_VERSION = 5.0;
				TARGETED_DEVICE_FAMILY = "1,2";
				TEST_HOST = "$(BUILT_PRODUCTS_DIR)/DatingApp.app/DatingApp";
			};
			name = Debug;
		};
		D46CC020272B40DF00AEAED2 /* Release */ = {
			isa = XCBuildConfiguration;
			buildSettings = {
				ALWAYS_EMBED_SWIFT_STANDARD_LIBRARIES = YES;
				BUNDLE_LOADER = "$(TEST_HOST)";
				CODE_SIGN_STYLE = Automatic;
				INFOPLIST_FILE = DatingAppTests/Info.plist;
				IPHONEOS_DEPLOYMENT_TARGET = 14.5;
				LD_RUNPATH_SEARCH_PATHS = (
					"$(inherited)",
					"@executable_path/Frameworks",
					"@loader_path/Frameworks",
				);
				PRODUCT_BUNDLE_IDENTIFIER = CopathUnit1.DatingAppTests;
				PRODUCT_NAME = "$(TARGET_NAME)";
				SWIFT_VERSION = 5.0;
				TARGETED_DEVICE_FAMILY = "1,2";
				TEST_HOST = "$(BUILT_PRODUCTS_DIR)/DatingApp.app/DatingApp";
			};
			name = Release;
		};
		D46CC022272B40DF00AEAED2 /* Debug */ = {
			isa = XCBuildConfiguration;
			buildSettings = {
				ALWAYS_EMBED_SWIFT_STANDARD_LIBRARIES = YES;
				CODE_SIGN_STYLE = Automatic;
				INFOPLIST_FILE = DatingAppUITests/Info.plist;
				LD_RUNPATH_SEARCH_PATHS = (
					"$(inherited)",
					"@executable_path/Frameworks",
					"@loader_path/Frameworks",
				);
				PRODUCT_BUNDLE_IDENTIFIER = CopathUnit1.DatingAppUITests;
				PRODUCT_NAME = "$(TARGET_NAME)";
				SWIFT_VERSION = 5.0;
				TARGETED_DEVICE_FAMILY = "1,2";
				TEST_TARGET_NAME = DatingApp;
			};
			name = Debug;
		};
		D46CC023272B40DF00AEAED2 /* Release */ = {
			isa = XCBuildConfiguration;
			buildSettings = {
				ALWAYS_EMBED_SWIFT_STANDARD_LIBRARIES = YES;
				CODE_SIGN_STYLE = Automatic;
				INFOPLIST_FILE = DatingAppUITests/Info.plist;
				LD_RUNPATH_SEARCH_PATHS = (
					"$(inherited)",
					"@executable_path/Frameworks",
					"@loader_path/Frameworks",
				);
				PRODUCT_BUNDLE_IDENTIFIER = CopathUnit1.DatingAppUITests;
				PRODUCT_NAME = "$(TARGET_NAME)";
				SWIFT_VERSION = 5.0;
				TARGETED_DEVICE_FAMILY = "1,2";
				TEST_TARGET_NAME = DatingApp;
			};
			name = Release;
		};
/* End XCBuildConfiguration section */

/* Begin XCConfigurationList section */
		D46CBFEC272B40D900AEAED2 /* Build configuration list for PBXProject "DatingApp" */ = {
			isa = XCConfigurationList;
			buildConfigurations = (
				D46CC019272B40DF00AEAED2 /* Debug */,
				D46CC01A272B40DF00AEAED2 /* Release */,
			);
			defaultConfigurationIsVisible = 0;
			defaultConfigurationName = Release;
		};
		D46CC01B272B40DF00AEAED2 /* Build configuration list for PBXNativeTarget "DatingApp" */ = {
			isa = XCConfigurationList;
			buildConfigurations = (
				D46CC01C272B40DF00AEAED2 /* Debug */,
				D46CC01D272B40DF00AEAED2 /* Release */,
			);
			defaultConfigurationIsVisible = 0;
			defaultConfigurationName = Release;
		};
		D46CC01E272B40DF00AEAED2 /* Build configuration list for PBXNativeTarget "DatingAppTests" */ = {
			isa = XCConfigurationList;
			buildConfigurations = (
				D46CC01F272B40DF00AEAED2 /* Debug */,
				D46CC020272B40DF00AEAED2 /* Release */,
			);
			defaultConfigurationIsVisible = 0;
			defaultConfigurationName = Release;
		};
		D46CC021272B40DF00AEAED2 /* Build configuration list for PBXNativeTarget "DatingAppUITests" */ = {
			isa = XCConfigurationList;
			buildConfigurations = (
				D46CC022272B40DF00AEAED2 /* Debug */,
				D46CC023272B40DF00AEAED2 /* Release */,
			);
			defaultConfigurationIsVisible = 0;
			defaultConfigurationName = Release;
		};
/* End XCConfigurationList section */
	};
	rootObject = D46CBFE9272B40D900AEAED2 /* Project object */;
}
